// !$*UTF8*$!
{
	archiveVersion = 1;
	classes = {
	};
	objectVersion = 50;
	objects = {

/* Begin PBXBuildFile section */
		03A24AF221955E690023F3F0 /* AppDelegate.swift in Sources */ = {isa = PBXBuildFile; fileRef = 03A24AF121955E690023F3F0 /* AppDelegate.swift */; };
		03A24AF421955E690023F3F0 /* ViewController.swift in Sources */ = {isa = PBXBuildFile; fileRef = 03A24AF321955E690023F3F0 /* ViewController.swift */; };
		03A24AF721955E690023F3F0 /* Main.storyboard in Resources */ = {isa = PBXBuildFile; fileRef = 03A24AF521955E690023F3F0 /* Main.storyboard */; };
		03A24AF921955E800023F3F0 /* Assets.xcassets in Resources */ = {isa = PBXBuildFile; fileRef = 03A24AF821955E800023F3F0 /* Assets.xcassets */; };
		03A24AFC21955E800023F3F0 /* LaunchScreen.storyboard in Resources */ = {isa = PBXBuildFile; fileRef = 03A24AFA21955E800023F3F0 /* LaunchScreen.storyboard */; };
		03A24B11219590B50023F3F0 /* ProgressHUD.bundle in Resources */ = {isa = PBXBuildFile; fileRef = 03A24B0E219590B50023F3F0 /* ProgressHUD.bundle */; };
		03A24B12219590B50023F3F0 /* ProgressHUD.m in Sources */ = {isa = PBXBuildFile; fileRef = 03A24B10219590B50023F3F0 /* ProgressHUD.m */; };
/* End PBXBuildFile section */

/* Begin PBXFileReference section */
		03A24AEE21955E690023F3F0 /* วัดดวง.app */ = {isa = PBXFileReference; explicitFileType = wrapper.application; includeInIndex = 0; path = "วัดดวง.app"; sourceTree = BUILT_PRODUCTS_DIR; };
		03A24AF121955E690023F3F0 /* AppDelegate.swift */ = {isa = PBXFileReference; lastKnownFileType = sourcecode.swift; path = AppDelegate.swift; sourceTree = "<group>"; };
		03A24AF321955E690023F3F0 /* ViewController.swift */ = {isa = PBXFileReference; lastKnownFileType = sourcecode.swift; path = ViewController.swift; sourceTree = "<group>"; };
		03A24AF621955E690023F3F0 /* Base */ = {isa = PBXFileReference; lastKnownFileType = file.storyboard; name = Base; path = Base.lproj/Main.storyboard; sourceTree = "<group>"; };
		03A24AF821955E800023F3F0 /* Assets.xcassets */ = {isa = PBXFileReference; lastKnownFileType = folder.assetcatalog; path = Assets.xcassets; sourceTree = "<group>"; };
		03A24AFB21955E800023F3F0 /* Base */ = {isa = PBXFileReference; lastKnownFileType = file.storyboard; name = Base; path = Base.lproj/LaunchScreen.storyboard; sourceTree = "<group>"; };
		03A24AFD21955E800023F3F0 /* Info.plist */ = {isa = PBXFileReference; lastKnownFileType = text.plist.xml; path = Info.plist; sourceTree = "<group>"; };
		03A24B0D219590B40023F3F0 /* วัดดวง-Bridging-Header.h */ = {isa = PBXFileReference; lastKnownFileType = sourcecode.c.h; path = "วัดดวง-Bridging-Header.h"; sourceTree = "<group>"; };
		03A24B0E219590B50023F3F0 /* ProgressHUD.bundle */ = {isa = PBXFileReference; lastKnownFileType = "wrapper.plug-in"; path = ProgressHUD.bundle; sourceTree = "<group>"; };
		03A24B0F219590B50023F3F0 /* ProgressHUD.h */ = {isa = PBXFileReference; fileEncoding = 4; lastKnownFileType = sourcecode.c.h; path = ProgressHUD.h; sourceTree = "<group>"; };
		03A24B10219590B50023F3F0 /* ProgressHUD.m */ = {isa = PBXFileReference; fileEncoding = 4; lastKnownFileType = sourcecode.c.objc; path = ProgressHUD.m; sourceTree = "<group>"; };
/* End PBXFileReference section */

/* Begin PBXFrameworksBuildPhase section */
		03A24AEB21955E680023F3F0 /* Frameworks */ = {
			isa = PBXFrameworksBuildPhase;
			buildActionMask = 2147483647;
			files = (
			);
			runOnlyForDeploymentPostprocessing = 0;
		};
/* End PBXFrameworksBuildPhase section */

/* Begin PBXGroup section */
		03A24AE521955E680023F3F0 = {
			isa = PBXGroup;
			children = (
				03A24AF021955E690023F3F0 /* วัดดวง */,
				03A24AEF21955E690023F3F0 /* Products */,
			);
			sourceTree = "<group>";
		};
		03A24AEF21955E690023F3F0 /* Products */ = {
			isa = PBXGroup;
			children = (
				03A24AEE21955E690023F3F0 /* วัดดวง.app */,
			);
			name = Products;
			sourceTree = "<group>";
		};
		03A24AF021955E690023F3F0 /* วัดดวง */ = {
			isa = PBXGroup;
			children = (
				03A24AF121955E690023F3F0 /* AppDelegate.swift */,
				03A24AF321955E690023F3F0 /* ViewController.swift */,
				03A24AF521955E690023F3F0 /* Main.storyboard */,
				03A24AF821955E800023F3F0 /* Assets.xcassets */,
				03A24B0E219590B50023F3F0 /* ProgressHUD.bundle */,
				03A24B0F219590B50023F3F0 /* ProgressHUD.h */,
				03A24B10219590B50023F3F0 /* ProgressHUD.m */,
				03A24AFA21955E800023F3F0 /* LaunchScreen.storyboard */,
				03A24AFD21955E800023F3F0 /* Info.plist */,
				03A24B0D219590B40023F3F0 /* วัดดวง-Bridging-Header.h */,
			);
			path = "วัดดวง";
			sourceTree = "<group>";
		};
/* End PBXGroup section */

/* Begin PBXNativeTarget section */
		03A24AED21955E680023F3F0 /* วัดดวง */ = {
			isa = PBXNativeTarget;
			buildConfigurationList = 03A24B0021955E800023F3F0 /* Build configuration list for PBXNativeTarget "วัดดวง" */;
			buildPhases = (
				03A24AEA21955E680023F3F0 /* Sources */,
				03A24AEB21955E680023F3F0 /* Frameworks */,
				03A24AEC21955E680023F3F0 /* Resources */,
			);
			buildRules = (
			);
			dependencies = (
			);
			name = "วัดดวง";
			productName = "วัดดวง";
			productReference = 03A24AEE21955E690023F3F0 /* วัดดวง.app */;
			productType = "com.apple.product-type.application";
		};
/* End PBXNativeTarget section */

/* Begin PBXProject section */
		03A24AE621955E680023F3F0 /* Project object */ = {
			isa = PBXProject;
			attributes = {
				LastSwiftUpdateCheck = 0940;
				LastUpgradeCheck = 0940;
				ORGANIZATIONNAME = ICTSUIM;
				TargetAttributes = {
					03A24AED21955E680023F3F0 = {
						CreatedOnToolsVersion = 9.4.1;
						LastSwiftMigration = 0940;
					};
				};
			};
			buildConfigurationList = 03A24AE921955E680023F3F0 /* Build configuration list for PBXProject "วัดดวง" */;
			compatibilityVersion = "Xcode 9.3";
			developmentRegion = en;
			hasScannedForEncodings = 0;
			knownRegions = (
				en,
				Base,
			);
			mainGroup = 03A24AE521955E680023F3F0;
			productRefGroup = 03A24AEF21955E690023F3F0 /* Products */;
			projectDirPath = "";
			projectRoot = "";
			targets = (
				03A24AED21955E680023F3F0 /* วัดดวง */,
			);
		};
/* End PBXProject section */

/* Begin PBXResourcesBuildPhase section */
		03A24AEC21955E680023F3F0 /* Resources */ = {
			isa = PBXResourcesBuildPhase;
			buildActionMask = 2147483647;
			files = (
				03A24B11219590B50023F3F0 /* ProgressHUD.bundle in Resources */,
				03A24AFC21955E800023F3F0 /* LaunchScreen.storyboard in Resources */,
				03A24AF921955E800023F3F0 /* Assets.xcassets in Resources */,
				03A24AF721955E690023F3F0 /* Main.storyboard in Resources */,
			);
			runOnlyForDeploymentPostprocessing = 0;
		};
/* End PBXResourcesBuildPhase section */

/* Begin PBXSourcesBuildPhase section */
		03A24AEA21955E680023F3F0 /* Sources */ = {
			isa = PBXSourcesBuildPhase;
			buildActionMask = 2147483647;
			files = (
				03A24B12219590B50023F3F0 /* ProgressHUD.m in Sources */,
				03A24AF421955E690023F3F0 /* ViewController.swift in Sources */,
				03A24AF221955E690023F3F0 /* AppDelegate.swift in Sources */,
			);
			runOnlyForDeploymentPostprocessing = 0;
		};
/* End PBXSourcesBuildPhase section */

/* Begin PBXVariantGroup section */
		03A24AF521955E690023F3F0 /* Main.storyboard */ = {
			isa = PBXVariantGroup;
			children = (
				03A24AF621955E690023F3F0 /* Base */,
			);
			name = Main.storyboard;
			sourceTree = "<group>";
		};
		03A24AFA21955E800023F3F0 /* LaunchScreen.storyboard */ = {
			isa = PBXVariantGroup;
			children = (
				03A24AFB21955E800023F3F0 /* Base */,
			);
			name = LaunchScreen.storyboard;
			sourceTree = "<group>";
		};
/* End PBXVariantGroup section */

/* Begin XCBuildConfiguration section */
		03A24AFE21955E800023F3F0 /* Debug */ = {
			isa = XCBuildConfiguration;
			buildSettings = {
				ALWAYS_SEARCH_USER_PATHS = NO;
				CLANG_ANALYZER_NONNULL = YES;
				CLANG_ANALYZER_NUMBER_OBJECT_CONVERSION = YES_AGGRESSIVE;
				CLANG_CXX_LANGUAGE_STANDARD = "gnu++14";
				CLANG_CXX_LIBRARY = "libc++";
				CLANG_ENABLE_MODULES = YES;
				CLANG_ENABLE_OBJC_ARC = YES;
				CLANG_ENABLE_OBJC_WEAK = YES;
				CLANG_WARN_BLOCK_CAPTURE_AUTORELEASING = YES;
				CLANG_WARN_BOOL_CONVERSION = YES;
				CLANG_WARN_COMMA = YES;
				CLANG_WARN_CONSTANT_CONVERSION = YES;
				CLANG_WARN_DEPRECATED_OBJC_IMPLEMENTATIONS = YES;
				CLANG_WARN_DIRECT_OBJC_ISA_USAGE = YES_ERROR;
				CLANG_WARN_DOCUMENTATION_COMMENTS = YES;
				CLANG_WARN_EMPTY_BODY = YES;
				CLANG_WARN_ENUM_CONVERSION = YES;
				CLANG_WARN_INFINITE_RECURSION = YES;
				CLANG_WARN_INT_CONVERSION = YES;
				CLANG_WARN_NON_LITERAL_NULL_CONVERSION = YES;
				CLANG_WARN_OBJC_IMPLICIT_RETAIN_SELF = YES;
				CLANG_WARN_OBJC_LITERAL_CONVERSION = YES;
				CLANG_WARN_OBJC_ROOT_CLASS = YES_ERROR;
				CLANG_WARN_RANGE_LOOP_ANALYSIS = YES;
				CLANG_WARN_STRICT_PROTOTYPES = YES;
				CLANG_WARN_SUSPICIOUS_MOVE = YES;
				CLANG_WARN_UNGUARDED_AVAILABILITY = YES_AGGRESSIVE;
				CLANG_WARN_UNREACHABLE_CODE = YES;
				CLANG_WARN__DUPLICATE_METHOD_MATCH = YES;
				CODE_SIGN_IDENTITY = "iPhone Developer";
				COPY_PHASE_STRIP = NO;
				DEBUG_INFORMATION_FORMAT = dwarf;
				ENABLE_STRICT_OBJC_MSGSEND = YES;
				ENABLE_TESTABILITY = YES;
				GCC_C_LANGUAGE_STANDARD = gnu11;
				GCC_DYNAMIC_NO_PIC = NO;
				GCC_NO_COMMON_BLOCKS = YES;
				GCC_OPTIMIZATION_LEVEL = 0;
				GCC_PREPROCESSOR_DEFINITIONS = (
					"DEBUG=1",
					"$(inherited)",
				);
				GCC_WARN_64_TO_32_BIT_CONVERSION = YES;
				GCC_WARN_ABOUT_RETURN_TYPE = YES_ERROR;
				GCC_WARN_UNDECLARED_SELECTOR = YES;
				GCC_WARN_UNINITIALIZED_AUTOS = YES_AGGRESSIVE;
				GCC_WARN_UNUSED_FUNCTION = YES;
				GCC_WARN_UNUSED_VARIABLE = YES;
				IPHONEOS_DEPLOYMENT_TARGET = 11.4;
				MTL_ENABLE_DEBUG_INFO = YES;
				ONLY_ACTIVE_ARCH = YES;
				SDKROOT = iphoneos;
				SWIFT_ACTIVE_COMPILATION_CONDITIONS = DEBUG;
				SWIFT_OPTIMIZATION_LEVEL = "-Onone";
			};
			name = Debug;
		};
		03A24AFF21955E800023F3F0 /* Release */ = {
			isa = XCBuildConfiguration;
			buildSettings = {
				ALWAYS_SEARCH_USER_PATHS = NO;
				CLANG_ANALYZER_NONNULL = YES;
				CLANG_ANALYZER_NUMBER_OBJECT_CONVERSION = YES_AGGRESSIVE;
				CLANG_CXX_LANGUAGE_STANDARD = "gnu++14";
				CLANG_CXX_LIBRARY = "libc++";
				CLANG_ENABLE_MODULES = YES;
				CLANG_ENABLE_OBJC_ARC = YES;
				CLANG_ENABLE_OBJC_WEAK = YES;
				CLANG_WARN_BLOCK_CAPTURE_AUTORELEASING = YES;
				CLANG_WARN_BOOL_CONVERSION = YES;
				CLANG_WARN_COMMA = YES;
				CLANG_WARN_CONSTANT_CONVERSION = YES;
				CLANG_WARN_DEPRECATED_OBJC_IMPLEMENTATIONS = YES;
				CLANG_WARN_DIRECT_OBJC_ISA_USAGE = YES_ERROR;
				CLANG_WARN_DOCUMENTATION_COMMENTS = YES;
				CLANG_WARN_EMPTY_BODY = YES;
				CLANG_WARN_ENUM_CONVERSION = YES;
				CLANG_WARN_INFINITE_RECURSION = YES;
				CLANG_WARN_INT_CONVERSION = YES;
				CLANG_WARN_NON_LITERAL_NULL_CONVERSION = YES;
				CLANG_WARN_OBJC_IMPLICIT_RETAIN_SELF = YES;
				CLANG_WARN_OBJC_LITERAL_CONVERSION = YES;
				CLANG_WARN_OBJC_ROOT_CLASS = YES_ERROR;
				CLANG_WARN_RANGE_LOOP_ANALYSIS = YES;
				CLANG_WARN_STRICT_PROTOTYPES = YES;
				CLANG_WARN_SUSPICIOUS_MOVE = YES;
				CLANG_WARN_UNGUARDED_AVAILABILITY = YES_AGGRESSIVE;
				CLANG_WARN_UNREACHABLE_CODE = YES;
				CLANG_WARN__DUPLICATE_METHOD_MATCH = YES;
				CODE_SIGN_IDENTITY = "iPhone Developer";
				COPY_PHASE_STRIP = NO;
				DEBUG_INFORMATION_FORMAT = "dwarf-with-dsym";
				ENABLE_NS_ASSERTIONS = NO;
				ENABLE_STRICT_OBJC_MSGSEND = YES;
				GCC_C_LANGUAGE_STANDARD = gnu11;
				GCC_NO_COMMON_BLOCKS = YES;
				GCC_WARN_64_TO_32_BIT_CONVERSION = YES;
				GCC_WARN_ABOUT_RETURN_TYPE = YES_ERROR;
				GCC_WARN_UNDECLARED_SELECTOR = YES;
				GCC_WARN_UNINITIALIZED_AUTOS = YES_AGGRESSIVE;
				GCC_WARN_UNUSED_FUNCTION = YES;
				GCC_WARN_UNUSED_VARIABLE = YES;
				IPHONEOS_DEPLOYMENT_TARGET = 11.4;
				MTL_ENABLE_DEBUG_INFO = NO;
				SDKROOT = iphoneos;
				SWIFT_COMPILATION_MODE = wholemodule;
				SWIFT_OPTIMIZATION_LEVEL = "-O";
				VALIDATE_PRODUCT = YES;
			};
			name = Release;
		};
		03A24B0121955E800023F3F0 /* Debug */ = {
			isa = XCBuildConfiguration;
			buildSettings = {
				ASSETCATALOG_COMPILER_APPICON_NAME = AppIcon;
				CLANG_ENABLE_MODULES = YES;
				CODE_SIGN_STYLE = Automatic;
				INFOPLIST_FILE = "วัดดวง/Info.plist";
				LD_RUNPATH_SEARCH_PATHS = (
					"$(inherited)",
					"@executable_path/Frameworks",
				);
				PRODUCT_BUNDLE_IDENTIFIER = "th.ac.su.ict.chanokpattarin.------";
				PRODUCT_NAME = "$(TARGET_NAME)";
				SWIFT_OBJC_BRIDGING_HEADER = "วัดดวง/วัดดวง-Bridging-Header.h";
				SWIFT_OPTIMIZATION_LEVEL = "-Onone";
				SWIFT_VERSION = 4.0;
				TARGETED_DEVICE_FAMILY = "1,2";
			};
			name = Debug;
		};
		03A24B0221955E800023F3F0 /* Release */ = {
			isa = XCBuildConfiguration;
			buildSettings = {
				ASSETCATALOG_COMPILER_APPICON_NAME = AppIcon;
				CLANG_ENABLE_MODULES = YES;
				CODE_SIGN_STYLE = Automatic;
				INFOPLIST_FILE = "วัดดวง/Info.plist";
				LD_RUNPATH_SEARCH_PATHS = (
					"$(inherited)",
					"@executable_path/Frameworks",
				);
				PRODUCT_BUNDLE_IDENTIFIER = "th.ac.su.ict.chanokpattarin.------";
				PRODUCT_NAME = "$(TARGET_NAME)";
				SWIFT_OBJC_BRIDGING_HEADER = "วัดดวง/วัดดวง-Bridging-Header.h";
				SWIFT_VERSION = 4.0;
				TARGETED_DEVICE_FAMILY = "1,2";
			};
			name = Release;
		};
/* End XCBuildConfiguration section */

/* Begin XCConfigurationList section */
		03A24AE921955E680023F3F0 /* Build configuration list for PBXProject "วัดดวง" */ = {
			isa = XCConfigurationList;
			buildConfigurations = (
				03A24AFE21955E800023F3F0 /* Debug */,
				03A24AFF21955E800023F3F0 /* Release */,
			);
			defaultConfigurationIsVisible = 0;
			defaultConfigurationName = Release;
		};
		03A24B0021955E800023F3F0 /* Build configuration list for PBXNativeTarget "วัดดวง" */ = {
			isa = XCConfigurationList;
			buildConfigurations = (
				03A24B0121955E800023F3F0 /* Debug */,
				03A24B0221955E800023F3F0 /* Release */,
			);
			defaultConfigurationIsVisible = 0;
			defaultConfigurationName = Release;
		};
/* End XCConfigurationList section */
	};
	rootObject = 03A24AE621955E680023F3F0 /* Project object */;
}
